// !$*UTF8*$!
{
	archiveVersion = 1;
	classes = {
	};
	objectVersion = 46;
	objects = {

/* Begin PBXBuildFile section */
		006B53F0BDA1AF4340A4FA77 /* libPods.a in Frameworks */ = {isa = PBXBuildFile; fileRef = D523FC9DF8285830C482A00F /* libPods.a */; };
		3FB7C0E01A4AF0D400EED43B /* main.m in Sources */ = {isa = PBXBuildFile; fileRef = 3FB7C0DF1A4AF0D400EED43B /* main.m */; };
		3FB7C0E31A4AF0D400EED43B /* AppDelegate.m in Sources */ = {isa = PBXBuildFile; fileRef = 3FB7C0E21A4AF0D400EED43B /* AppDelegate.m */; };
		3FB7C0E91A4AF0D400EED43B /* Main.storyboard in Resources */ = {isa = PBXBuildFile; fileRef = 3FB7C0E71A4AF0D400EED43B /* Main.storyboard */; };
		3FB7C0EB1A4AF0D400EED43B /* Images.xcassets in Resources */ = {isa = PBXBuildFile; fileRef = 3FB7C0EA1A4AF0D400EED43B /* Images.xcassets */; };
		3FB7C0EE1A4AF0D400EED43B /* LaunchScreen.xib in Resources */ = {isa = PBXBuildFile; fileRef = 3FB7C0EC1A4AF0D400EED43B /* LaunchScreen.xib */; };
		3FB7C0FA1A4AF0D400EED43B /* studentdailyTests.m in Sources */ = {isa = PBXBuildFile; fileRef = 3FB7C0F91A4AF0D400EED43B /* studentdailyTests.m */; };
		3FB7C1051A4AF26B00EED43B /* HomeViewController.m in Sources */ = {isa = PBXBuildFile; fileRef = 3FB7C1041A4AF26B00EED43B /* HomeViewController.m */; };
		3FB7C1081A4B0B4700EED43B /* PostViewController.m in Sources */ = {isa = PBXBuildFile; fileRef = 3FB7C1071A4B0B4700EED43B /* PostViewController.m */; };
		3FB7C10B1A4B1C5600EED43B /* NavViewController.m in Sources */ = {isa = PBXBuildFile; fileRef = 3FB7C10A1A4B1C5600EED43B /* NavViewController.m */; };
		3FB7C10E1A4B799200EED43B /* AboutTableViewController.m in Sources */ = {isa = PBXBuildFile; fileRef = 3FB7C10D1A4B799200EED43B /* AboutTableViewController.m */; };
/* End PBXBuildFile section */

/* Begin PBXContainerItemProxy section */
		3FB7C0F41A4AF0D400EED43B /* PBXContainerItemProxy */ = {
			isa = PBXContainerItemProxy;
			containerPortal = 3FB7C0D21A4AF0D400EED43B /* Project object */;
			proxyType = 1;
			remoteGlobalIDString = 3FB7C0D91A4AF0D400EED43B;
			remoteInfo = studentdaily;
		};
/* End PBXContainerItemProxy section */

/* Begin PBXFileReference section */
		3FB7C0DA1A4AF0D400EED43B /* studentdaily.app */ = {isa = PBXFileReference; explicitFileType = wrapper.application; includeInIndex = 0; path = studentdaily.app; sourceTree = BUILT_PRODUCTS_DIR; };
		3FB7C0DE1A4AF0D400EED43B /* Info.plist */ = {isa = PBXFileReference; lastKnownFileType = text.plist.xml; path = Info.plist; sourceTree = "<group>"; };
		3FB7C0DF1A4AF0D400EED43B /* main.m */ = {isa = PBXFileReference; lastKnownFileType = sourcecode.c.objc; path = main.m; sourceTree = "<group>"; };
		3FB7C0E11A4AF0D400EED43B /* AppDelegate.h */ = {isa = PBXFileReference; lastKnownFileType = sourcecode.c.h; path = AppDelegate.h; sourceTree = "<group>"; };
		3FB7C0E21A4AF0D400EED43B /* AppDelegate.m */ = {isa = PBXFileReference; lastKnownFileType = sourcecode.c.objc; path = AppDelegate.m; sourceTree = "<group>"; };
		3FB7C0E81A4AF0D400EED43B /* Base */ = {isa = PBXFileReference; lastKnownFileType = file.storyboard; name = Base; path = Base.lproj/Main.storyboard; sourceTree = "<group>"; };
		3FB7C0EA1A4AF0D400EED43B /* Images.xcassets */ = {isa = PBXFileReference; lastKnownFileType = folder.assetcatalog; path = Images.xcassets; sourceTree = "<group>"; };
		3FB7C0ED1A4AF0D400EED43B /* Base */ = {isa = PBXFileReference; lastKnownFileType = file.xib; name = Base; path = Base.lproj/LaunchScreen.xib; sourceTree = "<group>"; };
		3FB7C0F31A4AF0D400EED43B /* studentdailyTests.xctest */ = {isa = PBXFileReference; explicitFileType = wrapper.cfbundle; includeInIndex = 0; path = studentdailyTests.xctest; sourceTree = BUILT_PRODUCTS_DIR; };
		3FB7C0F81A4AF0D400EED43B /* Info.plist */ = {isa = PBXFileReference; lastKnownFileType = text.plist.xml; path = Info.plist; sourceTree = "<group>"; };
		3FB7C0F91A4AF0D400EED43B /* studentdailyTests.m */ = {isa = PBXFileReference; lastKnownFileType = sourcecode.c.objc; path = studentdailyTests.m; sourceTree = "<group>"; };
		3FB7C1031A4AF26B00EED43B /* HomeViewController.h */ = {isa = PBXFileReference; fileEncoding = 4; lastKnownFileType = sourcecode.c.h; path = HomeViewController.h; sourceTree = "<group>"; };
		3FB7C1041A4AF26B00EED43B /* HomeViewController.m */ = {isa = PBXFileReference; fileEncoding = 4; lastKnownFileType = sourcecode.c.objc; path = HomeViewController.m; sourceTree = "<group>"; };
		3FB7C1061A4B0B4700EED43B /* PostViewController.h */ = {isa = PBXFileReference; fileEncoding = 4; lastKnownFileType = sourcecode.c.h; path = PostViewController.h; sourceTree = "<group>"; };
		3FB7C1071A4B0B4700EED43B /* PostViewController.m */ = {isa = PBXFileReference; fileEncoding = 4; lastKnownFileType = sourcecode.c.objc; path = PostViewController.m; sourceTree = "<group>"; };
		3FB7C1091A4B1C5600EED43B /* NavViewController.h */ = {isa = PBXFileReference; fileEncoding = 4; lastKnownFileType = sourcecode.c.h; path = NavViewController.h; sourceTree = "<group>"; };
		3FB7C10A1A4B1C5600EED43B /* NavViewController.m */ = {isa = PBXFileReference; fileEncoding = 4; lastKnownFileType = sourcecode.c.objc; path = NavViewController.m; sourceTree = "<group>"; };
		3FB7C10C1A4B799200EED43B /* AboutTableViewController.h */ = {isa = PBXFileReference; fileEncoding = 4; lastKnownFileType = sourcecode.c.h; path = AboutTableViewController.h; sourceTree = "<group>"; };
		3FB7C10D1A4B799200EED43B /* AboutTableViewController.m */ = {isa = PBXFileReference; fileEncoding = 4; lastKnownFileType = sourcecode.c.objc; path = AboutTableViewController.m; sourceTree = "<group>"; };
		53211A0FECB527BCDD2C8D63 /* Pods.debug.xcconfig */ = {isa = PBXFileReference; includeInIndex = 1; lastKnownFileType = text.xcconfig; name = Pods.debug.xcconfig; path = "Pods/Target Support Files/Pods/Pods.debug.xcconfig"; sourceTree = "<group>"; };
		8B9DA6C2F350DC4C227A2F96 /* Pods.release.xcconfig */ = {isa = PBXFileReference; includeInIndex = 1; lastKnownFileType = text.xcconfig; name = Pods.release.xcconfig; path = "Pods/Target Support Files/Pods/Pods.release.xcconfig"; sourceTree = "<group>"; };
		D523FC9DF8285830C482A00F /* libPods.a */ = {isa = PBXFileReference; explicitFileType = archive.ar; includeInIndex = 0; path = libPods.a; sourceTree = BUILT_PRODUCTS_DIR; };
/* End PBXFileReference section */

/* Begin PBXFrameworksBuildPhase section */
		3FB7C0D71A4AF0D400EED43B /* Frameworks */ = {
			isa = PBXFrameworksBuildPhase;
			buildActionMask = 2147483647;
			files = (
				006B53F0BDA1AF4340A4FA77 /* libPods.a in Frameworks */,
			);
			runOnlyForDeploymentPostprocessing = 0;
		};
		3FB7C0F01A4AF0D400EED43B /* Frameworks */ = {
			isa = PBXFrameworksBuildPhase;
			buildActionMask = 2147483647;
			files = (
			);
			runOnlyForDeploymentPostprocessing = 0;
		};
/* End PBXFrameworksBuildPhase section */

/* Begin PBXGroup section */
		3A47FA46AA960C1CE0B732C5 /* Frameworks */ = {
			isa = PBXGroup;
			children = (
				D523FC9DF8285830C482A00F /* libPods.a */,
			);
			name = Frameworks;
			sourceTree = "<group>";
		};
		3FB7C0D11A4AF0D400EED43B = {
			isa = PBXGroup;
			children = (
				3FB7C0DC1A4AF0D400EED43B /* studentdaily */,
				3FB7C0F61A4AF0D400EED43B /* studentdailyTests */,
				3FB7C0DB1A4AF0D400EED43B /* Products */,
				9268530B4B4AD06A68CD6502 /* Pods */,
				3A47FA46AA960C1CE0B732C5 /* Frameworks */,
			);
			sourceTree = "<group>";
		};
		3FB7C0DB1A4AF0D400EED43B /* Products */ = {
			isa = PBXGroup;
			children = (
				3FB7C0DA1A4AF0D400EED43B /* studentdaily.app */,
				3FB7C0F31A4AF0D400EED43B /* studentdailyTests.xctest */,
			);
			name = Products;
			sourceTree = "<group>";
		};
		3FB7C0DC1A4AF0D400EED43B /* studentdaily */ = {
			isa = PBXGroup;
			children = (
				3FB7C0E11A4AF0D400EED43B /* AppDelegate.h */,
				3FB7C0E21A4AF0D400EED43B /* AppDelegate.m */,
				3FB7C1031A4AF26B00EED43B /* HomeViewController.h */,
				3FB7C1041A4AF26B00EED43B /* HomeViewController.m */,
				3FB7C1061A4B0B4700EED43B /* PostViewController.h */,
				3FB7C1071A4B0B4700EED43B /* PostViewController.m */,
				3FB7C10C1A4B799200EED43B /* AboutTableViewController.h */,
				3FB7C10D1A4B799200EED43B /* AboutTableViewController.m */,
				3FB7C0E71A4AF0D400EED43B /* Main.storyboard */,
				3FB7C0EA1A4AF0D400EED43B /* Images.xcassets */,
				3FB7C0EC1A4AF0D400EED43B /* LaunchScreen.xib */,
				3FB7C0DD1A4AF0D400EED43B /* Supporting Files */,
				3FB7C1091A4B1C5600EED43B /* NavViewController.h */,
				3FB7C10A1A4B1C5600EED43B /* NavViewController.m */,
			);
			path = studentdaily;
			sourceTree = "<group>";
		};
		3FB7C0DD1A4AF0D400EED43B /* Supporting Files */ = {
			isa = PBXGroup;
			children = (
				3FB7C0DE1A4AF0D400EED43B /* Info.plist */,
				3FB7C0DF1A4AF0D400EED43B /* main.m */,
			);
			name = "Supporting Files";
			sourceTree = "<group>";
		};
		3FB7C0F61A4AF0D400EED43B /* studentdailyTests */ = {
			isa = PBXGroup;
			children = (
				3FB7C0F91A4AF0D400EED43B /* studentdailyTests.m */,
				3FB7C0F71A4AF0D400EED43B /* Supporting Files */,
			);
			path = studentdailyTests;
			sourceTree = "<group>";
		};
		3FB7C0F71A4AF0D400EED43B /* Supporting Files */ = {
			isa = PBXGroup;
			children = (
				3FB7C0F81A4AF0D400EED43B /* Info.plist */,
			);
			name = "Supporting Files";
			sourceTree = "<group>";
		};
		9268530B4B4AD06A68CD6502 /* Pods */ = {
			isa = PBXGroup;
			children = (
				53211A0FECB527BCDD2C8D63 /* Pods.debug.xcconfig */,
				8B9DA6C2F350DC4C227A2F96 /* Pods.release.xcconfig */,
			);
			name = Pods;
			sourceTree = "<group>";
		};
/* End PBXGroup section */

/* Begin PBXNativeTarget section */
		3FB7C0D91A4AF0D400EED43B /* studentdaily */ = {
			isa = PBXNativeTarget;
			buildConfigurationList = 3FB7C0FD1A4AF0D400EED43B /* Build configuration list for PBXNativeTarget "studentdaily" */;
			buildPhases = (
				20379FF260C174C8845BE0BF /* Check Pods Manifest.lock */,
				3FB7C0D61A4AF0D400EED43B /* Sources */,
				3FB7C0D71A4AF0D400EED43B /* Frameworks */,
				3FB7C0D81A4AF0D400EED43B /* Resources */,
				B640EA681B4889B3DF3D766B /* Copy Pods Resources */,
			);
			buildRules = (
			);
			dependencies = (
			);
			name = studentdaily;
			productName = studentdaily;
			productReference = 3FB7C0DA1A4AF0D400EED43B /* studentdaily.app */;
			productType = "com.apple.product-type.application";
		};
		3FB7C0F21A4AF0D400EED43B /* studentdailyTests */ = {
			isa = PBXNativeTarget;
			buildConfigurationList = 3FB7C1001A4AF0D400EED43B /* Build configuration list for PBXNativeTarget "studentdailyTests" */;
			buildPhases = (
				3FB7C0EF1A4AF0D400EED43B /* Sources */,
				3FB7C0F01A4AF0D400EED43B /* Frameworks */,
				3FB7C0F11A4AF0D400EED43B /* Resources */,
			);
			buildRules = (
			);
			dependencies = (
				3FB7C0F51A4AF0D400EED43B /* PBXTargetDependency */,
			);
			name = studentdailyTests;
			productName = studentdailyTests;
			productReference = 3FB7C0F31A4AF0D400EED43B /* studentdailyTests.xctest */;
			productType = "com.apple.product-type.bundle.unit-test";
		};
/* End PBXNativeTarget section */

/* Begin PBXProject section */
		3FB7C0D21A4AF0D400EED43B /* Project object */ = {
			isa = PBXProject;
			attributes = {
				LastUpgradeCheck = 0610;
				ORGANIZATIONNAME = "Hao Liu";
				TargetAttributes = {
					3FB7C0D91A4AF0D400EED43B = {
						CreatedOnToolsVersion = 6.1.1;
					};
					3FB7C0F21A4AF0D400EED43B = {
						CreatedOnToolsVersion = 6.1.1;
						TestTargetID = 3FB7C0D91A4AF0D400EED43B;
					};
				};
			};
			buildConfigurationList = 3FB7C0D51A4AF0D400EED43B /* Build configuration list for PBXProject "studentdaily" */;
			compatibilityVersion = "Xcode 3.2";
			developmentRegion = English;
			hasScannedForEncodings = 0;
			knownRegions = (
				en,
				Base,
			);
			mainGroup = 3FB7C0D11A4AF0D400EED43B;
			productRefGroup = 3FB7C0DB1A4AF0D400EED43B /* Products */;
			projectDirPath = "";
			projectRoot = "";
			targets = (
				3FB7C0D91A4AF0D400EED43B /* studentdaily */,
				3FB7C0F21A4AF0D400EED43B /* studentdailyTests */,
			);
		};
/* End PBXProject section */

/* Begin PBXResourcesBuildPhase section */
		3FB7C0D81A4AF0D400EED43B /* Resources */ = {
			isa = PBXResourcesBuildPhase;
			buildActionMask = 2147483647;
			files = (
				3FB7C0E91A4AF0D400EED43B /* Main.storyboard in Resources */,
				3FB7C0EE1A4AF0D400EED43B /* LaunchScreen.xib in Resources */,
				3FB7C0EB1A4AF0D400EED43B /* Images.xcassets in Resources */,
			);
			runOnlyForDeploymentPostprocessing = 0;
		};
		3FB7C0F11A4AF0D400EED43B /* Resources */ = {
			isa = PBXResourcesBuildPhase;
			buildActionMask = 2147483647;
			files = (
			);
			runOnlyForDeploymentPostprocessing = 0;
		};
/* End PBXResourcesBuildPhase section */

/* Begin PBXShellScriptBuildPhase section */
		20379FF260C174C8845BE0BF /* Check Pods Manifest.lock */ = {
			isa = PBXShellScriptBuildPhase;
			buildActionMask = 2147483647;
			files = (
			);
			inputPaths = (
			);
			name = "Check Pods Manifest.lock";
			outputPaths = (
			);
			runOnlyForDeploymentPostprocessing = 0;
			shellPath = /bin/sh;
			shellScript = "diff \"${PODS_ROOT}/../Podfile.lock\" \"${PODS_ROOT}/Manifest.lock\" > /dev/null\nif [[ $? != 0 ]] ; then\n    cat << EOM\nerror: The sandbox is not in sync with the Podfile.lock. Run 'pod install' or update your CocoaPods installation.\nEOM\n    exit 1\nfi\n";
			showEnvVarsInLog = 0;
		};
		B640EA681B4889B3DF3D766B /* Copy Pods Resources */ = {
			isa = PBXShellScriptBuildPhase;
			buildActionMask = 2147483647;
			files = (
			);
			inputPaths = (
			);
			name = "Copy Pods Resources";
			outputPaths = (
			);
			runOnlyForDeploymentPostprocessing = 0;
			shellPath = /bin/sh;
			shellScript = "\"${SRCROOT}/Pods/Target Support Files/Pods/Pods-resources.sh\"\n";
			showEnvVarsInLog = 0;
		};
/* End PBXShellScriptBuildPhase section */

/* Begin PBXSourcesBuildPhase section */
		3FB7C0D61A4AF0D400EED43B /* Sources */ = {
			isa = PBXSourcesBuildPhase;
			buildActionMask = 2147483647;
			files = (
				3FB7C1081A4B0B4700EED43B /* PostViewController.m in Sources */,
				3FB7C10E1A4B799200EED43B /* AboutTableViewController.m in Sources */,
				3FB7C0E31A4AF0D400EED43B /* AppDelegate.m in Sources */,
				3FB7C0E01A4AF0D400EED43B /* main.m in Sources */,
				3FB7C1051A4AF26B00EED43B /* HomeViewController.m in Sources */,
				3FB7C10B1A4B1C5600EED43B /* NavViewController.m in Sources */,
			);
			runOnlyForDeploymentPostprocessing = 0;
		};
		3FB7C0EF1A4AF0D400EED43B /* Sources */ = {
			isa = PBXSourcesBuildPhase;
			buildActionMask = 2147483647;
			files = (
				3FB7C0FA1A4AF0D400EED43B /* studentdailyTests.m in Sources */,
			);
			runOnlyForDeploymentPostprocessing = 0;
		};
/* End PBXSourcesBuildPhase section */

/* Begin PBXTargetDependency section */
		3FB7C0F51A4AF0D400EED43B /* PBXTargetDependency */ = {
			isa = PBXTargetDependency;
			target = 3FB7C0D91A4AF0D400EED43B /* studentdaily */;
			targetProxy = 3FB7C0F41A4AF0D400EED43B /* PBXContainerItemProxy */;
		};
/* End PBXTargetDependency section */

/* Begin PBXVariantGroup section */
		3FB7C0E71A4AF0D400EED43B /* Main.storyboard */ = {
			isa = PBXVariantGroup;
			children = (
				3FB7C0E81A4AF0D400EED43B /* Base */,
			);
			name = Main.storyboard;
			sourceTree = "<group>";
		};
		3FB7C0EC1A4AF0D400EED43B /* LaunchScreen.xib */ = {
			isa = PBXVariantGroup;
			children = (
				3FB7C0ED1A4AF0D400EED43B /* Base */,
			);
			name = LaunchScreen.xib;
			sourceTree = "<group>";
		};
/* End PBXVariantGroup section */

/* Begin XCBuildConfiguration section */
		3FB7C0FB1A4AF0D400EED43B /* Debug */ = {
			isa = XCBuildConfiguration;
			buildSettings = {
				ALWAYS_SEARCH_USER_PATHS = NO;
				CLANG_CXX_LANGUAGE_STANDARD = "gnu++0x";
				CLANG_CXX_LIBRARY = "libc++";
				CLANG_ENABLE_MODULES = YES;
				CLANG_ENABLE_OBJC_ARC = YES;
				CLANG_WARN_BOOL_CONVERSION = YES;
				CLANG_WARN_CONSTANT_CONVERSION = YES;
				CLANG_WARN_DIRECT_OBJC_ISA_USAGE = YES_ERROR;
				CLANG_WARN_EMPTY_BODY = YES;
				CLANG_WARN_ENUM_CONVERSION = YES;
				CLANG_WARN_INT_CONVERSION = YES;
				CLANG_WARN_OBJC_ROOT_CLASS = YES_ERROR;
				CLANG_WARN_UNREACHABLE_CODE = YES;
				CLANG_WARN__DUPLICATE_METHOD_MATCH = YES;
				"CODE_SIGN_IDENTITY[sdk=iphoneos*]" = "iPhone Developer";
				COPY_PHASE_STRIP = NO;
				ENABLE_STRICT_OBJC_MSGSEND = YES;
				GCC_C_LANGUAGE_STANDARD = gnu99;
				GCC_DYNAMIC_NO_PIC = NO;
				GCC_OPTIMIZATION_LEVEL = 0;
				GCC_PREPROCESSOR_DEFINITIONS = (
					"DEBUG=1",
					"$(inherited)",
				);
				GCC_SYMBOLS_PRIVATE_EXTERN = NO;
				GCC_WARN_64_TO_32_BIT_CONVERSION = YES;
				GCC_WARN_ABOUT_RETURN_TYPE = YES_ERROR;
				GCC_WARN_UNDECLARED_SELECTOR = YES;
				GCC_WARN_UNINITIALIZED_AUTOS = YES_AGGRESSIVE;
				GCC_WARN_UNUSED_FUNCTION = YES;
				GCC_WARN_UNUSED_VARIABLE = YES;
				IPHONEOS_DEPLOYMENT_TARGET = 8.1;
				MTL_ENABLE_DEBUG_INFO = YES;
				ONLY_ACTIVE_ARCH = YES;
				SDKROOT = iphoneos;
			};
			name = Debug;
		};
		3FB7C0FC1A4AF0D400EED43B /* Release */ = {
			isa = XCBuildConfiguration;
			buildSettings = {
				ALWAYS_SEARCH_USER_PATHS = NO;
				CLANG_CXX_LANGUAGE_STANDARD = "gnu++0x";
				CLANG_CXX_LIBRARY = "libc++";
				CLANG_ENABLE_MODULES = YES;
				CLANG_ENABLE_OBJC_ARC = YES;
				CLANG_WARN_BOOL_CONVERSION = YES;
				CLANG_WARN_CONSTANT_CONVERSION = YES;
				CLANG_WARN_DIRECT_OBJC_ISA_USAGE = YES_ERROR;
				CLANG_WARN_EMPTY_BODY = YES;
				CLANG_WARN_ENUM_CONVERSION = YES;
				CLANG_WARN_INT_CONVERSION = YES;
				CLANG_WARN_OBJC_ROOT_CLASS = YES_ERROR;
				CLANG_WARN_UNREACHABLE_CODE = YES;
				CLANG_WARN__DUPLICATE_METHOD_MATCH = YES;
				"CODE_SIGN_IDENTITY[sdk=iphoneos*]" = "iPhone Developer";
				COPY_PHASE_STRIP = YES;
				ENABLE_NS_ASSERTIONS = NO;
				ENABLE_STRICT_OBJC_MSGSEND = YES;
				GCC_C_LANGUAGE_STANDARD = gnu99;
				GCC_WARN_64_TO_32_BIT_CONVERSION = YES;
				GCC_WARN_ABOUT_RETURN_TYPE = YES_ERROR;
				GCC_WARN_UNDECLARED_SELECTOR = YES;
				GCC_WARN_UNINITIALIZED_AUTOS = YES_AGGRESSIVE;
				GCC_WARN_UNUSED_FUNCTION = YES;
				GCC_WARN_UNUSED_VARIABLE = YES;
				IPHONEOS_DEPLOYMENT_TARGET = 8.1;
				MTL_ENABLE_DEBUG_INFO = NO;
				SDKROOT = iphoneos;
				VALIDATE_PRODUCT = YES;
			};
			name = Release;
		};
		3FB7C0FE1A4AF0D400EED43B /* Debug */ = {
			isa = XCBuildConfiguration;
			baseConfigurationReference = 53211A0FECB527BCDD2C8D63 /* Pods.debug.xcconfig */;
			buildSettings = {
				ASSETCATALOG_COMPILER_APPICON_NAME = AppIcon;
				INFOPLIST_FILE = studentdaily/Info.plist;
				LD_RUNPATH_SEARCH_PATHS = "$(inherited) @executable_path/Frameworks";
				PRODUCT_NAME = "$(TARGET_NAME)";
			};
			name = Debug;
		};
		3FB7C0FF1A4AF0D400EED43B /* Release */ = {
			isa = XCBuildConfiguration;
			baseConfigurationReference = 8B9DA6C2F350DC4C227A2F96 /* Pods.release.xcconfig */;
			buildSettings = {
				ASSETCATALOG_COMPILER_APPICON_NAME = AppIcon;
				INFOPLIST_FILE = studentdaily/Info.plist;
				LD_RUNPATH_SEARCH_PATHS = "$(inherited) @executable_path/Frameworks";
				PRODUCT_NAME = "$(TARGET_NAME)";
			};
			name = Release;
		};
		3FB7C1011A4AF0D400EED43B /* Debug */ = {
			isa = XCBuildConfiguration;
			buildSettings = {
				BUNDLE_LOADER = "$(TEST_HOST)";
				FRAMEWORK_SEARCH_PATHS = (
					"$(SDKROOT)/Developer/Library/Frameworks",
					"$(inherited)",
				);
				GCC_PREPROCESSOR_DEFINITIONS = (
					"DEBUG=1",
					"$(inherited)",
				);
				INFOPLIST_FILE = studentdailyTests/Info.plist;
				LD_RUNPATH_SEARCH_PATHS = "$(inherited) @executable_path/Frameworks @loader_path/Frameworks";
				PRODUCT_NAME = "$(TARGET_NAME)";
				TEST_HOST = "$(BUILT_PRODUCTS_DIR)/studentdaily.app/studentdaily";
			};
			name = Debug;
		};
		3FB7C1021A4AF0D400EED43B /* Release */ = {
			isa = XCBuildConfiguration;
			buildSettings = {
				BUNDLE_LOADER = "$(TEST_HOST)";
				FRAMEWORK_SEARCH_PATHS = (
					"$(SDKROOT)/Developer/Library/Frameworks",
					"$(inherited)",
				);
				INFOPLIST_FILE = studentdailyTests/Info.plist;
				LD_RUNPATH_SEARCH_PATHS = "$(inherited) @executable_path/Frameworks @loader_path/Frameworks";
				PRODUCT_NAME = "$(TARGET_NAME)";
				TEST_HOST = "$(BUILT_PRODUCTS_DIR)/studentdaily.app/studentdaily";
			};
			name = Release;
		};
/* End XCBuildConfiguration section */

/* Begin XCConfigurationList section */
		3FB7C0D51A4AF0D400EED43B /* Build configuration list for PBXProject "studentdaily" */ = {
			isa = XCConfigurationList;
			buildConfigurations = (
				3FB7C0FB1A4AF0D400EED43B /* Debug */,
				3FB7C0FC1A4AF0D400EED43B /* Release */,
			);
			defaultConfigurationIsVisible = 0;
			defaultConfigurationName = Release;
		};
		3FB7C0FD1A4AF0D400EED43B /* Build configuration list for PBXNativeTarget "studentdaily" */ = {
			isa = XCConfigurationList;
			buildConfigurations = (
				3FB7C0FE1A4AF0D400EED43B /* Debug */,
				3FB7C0FF1A4AF0D400EED43B /* Release */,
			);
			defaultConfigurationIsVisible = 0;
			defaultConfigurationName = Release;
		};
		3FB7C1001A4AF0D400EED43B /* Build configuration list for PBXNativeTarget "studentdailyTests" */ = {
			isa = XCConfigurationList;
			buildConfigurations = (
				3FB7C1011A4AF0D400EED43B /* Debug */,
				3FB7C1021A4AF0D400EED43B /* Release */,
			);
			defaultConfigurationIsVisible = 0;
			defaultConfigurationName = Release;
		};
/* End XCConfigurationList section */
	};
	rootObject = 3FB7C0D21A4AF0D400EED43B /* Project object */;
}
